
Microsoft Visual Studio Solution File, Format Version 12.00
# Visual Studio 2013
VisualStudioVersion = 12.0.30501.0
MinimumVisualStudioVersion = 10.0.40219.1
Project("{FAE04EC0-301F-11D3-BF4B-00C04F79EFBC}") = "FundTracker.Web", "FundTracker.Web\FundTracker.Web.csproj", "{3D48C315-ECF6-4580-A111-DBBC9BF42D19}"
EndProject
Project("{FAE04EC0-301F-11D3-BF4B-00C04F79EFBC}") = "Test.FundTracker.Web", "Test.FundTracker.Web\Test.FundTracker.Web.csproj", "{06A63CA5-BF99-4C6F-851A-C01E0F997766}"
EndProject
Project("{2150E333-8FDC-42A3-9474-1A3956D46DE8}") = ".nuget", ".nuget", "{0F97A209-7E11-485F-AAB5-9C6002DE618D}"
	ProjectSection(SolutionItems) = preProject
		.nuget\NuGet.Config = .nuget\NuGet.Config
		.nuget\NuGet.exe = .nuget\NuGet.exe
		.nuget\NuGet.targets = .nuget\NuGet.targets
	EndProjectSection
EndProject
Project("{FAE04EC0-301F-11D3-BF4B-00C04F79EFBC}") = "Test.Acceptance.FundTracker.Web", "Test.Acceptance.FundTracker.Web\Test.Acceptance.FundTracker.Web.csproj", "{C82BF119-BC5D-4C60-966B-B4227E8FCA73}"
EndProject
Project("{FAE04EC0-301F-11D3-BF4B-00C04F79EFBC}") = "FundTracker.Services", "FundTracker.Services\FundTracker.Services.csproj", "{334CA1D2-E60D-49F7-AAED-2AEB0293603C}"
EndProject
Project("{FAE04EC0-301F-11D3-BF4B-00C04F79EFBC}") = "Test.FundTracker.Services", "Test.FundTracker.Services\Test.FundTracker.Services.csproj", "{1E603BCC-AAA0-46E4-911F-FCC5F9A64827}"
EndProject
Project("{FAE04EC0-301F-11D3-BF4B-00C04F79EFBC}") = "FundTracker.Domain", "FundTracker.Domain\FundTracker.Domain.csproj", "{B8995B49-9763-415E-BDDE-9D23114824BE}"
EndProject
Project("{FAE04EC0-301F-11D3-BF4B-00C04F79EFBC}") = "Test.FundTracker.Domain", "Test.FundTracker.Domain\Test.FundTracker.Domain.csproj", "{9FD9115E-79B6-443E-A1FB-B0023E7A8B70}"
EndProject
Project("{2150E333-8FDC-42A3-9474-1A3956D46DE8}") = "src", "src", "{E089DF01-DB88-4AB3-91F0-5510775E339E}"
EndProject
Project("{2150E333-8FDC-42A3-9474-1A3956D46DE8}") = "tests", "tests", "{B1D865D6-D3DE-49C1-BCAB-B3C2E90E0BE2}"
EndProject
Project("{FAE04EC0-301F-11D3-BF4B-00C04F79EFBC}") = "FundTracker.Data", "FundTracker.Data\FundTracker.Data.csproj", "{2C1767A7-8D3B-4CD1-9D18-37F8FA18E23D}"
EndProject
Global
	GlobalSection(SolutionConfigurationPlatforms) = preSolution
		Debug|Any CPU = Debug|Any CPU
		Release|Any CPU = Release|Any CPU
	EndGlobalSection
	GlobalSection(ProjectConfigurationPlatforms) = postSolution
		{3D48C315-ECF6-4580-A111-DBBC9BF42D19}.Debug|Any CPU.ActiveCfg = Debug|Any CPU
		{3D48C315-ECF6-4580-A111-DBBC9BF42D19}.Debug|Any CPU.Build.0 = Debug|Any CPU
		{3D48C315-ECF6-4580-A111-DBBC9BF42D19}.Release|Any CPU.ActiveCfg = Release|Any CPU
		{3D48C315-ECF6-4580-A111-DBBC9BF42D19}.Release|Any CPU.Build.0 = Release|Any CPU
		{06A63CA5-BF99-4C6F-851A-C01E0F997766}.Debug|Any CPU.ActiveCfg = Debug|Any CPU
		{06A63CA5-BF99-4C6F-851A-C01E0F997766}.Debug|Any CPU.Build.0 = Debug|Any CPU
		{06A63CA5-BF99-4C6F-851A-C01E0F997766}.Release|Any CPU.ActiveCfg = Release|Any CPU
		{06A63CA5-BF99-4C6F-851A-C01E0F997766}.Release|Any CPU.Build.0 = Release|Any CPU
		{C82BF119-BC5D-4C60-966B-B4227E8FCA73}.Debug|Any CPU.ActiveCfg = Debug|Any CPU
		{C82BF119-BC5D-4C60-966B-B4227E8FCA73}.Debug|Any CPU.Build.0 = Debug|Any CPU
		{C82BF119-BC5D-4C60-966B-B4227E8FCA73}.Release|Any CPU.ActiveCfg = Release|Any CPU
		{C82BF119-BC5D-4C60-966B-B4227E8FCA73}.Release|Any CPU.Build.0 = Release|Any CPU
		{334CA1D2-E60D-49F7-AAED-2AEB0293603C}.Debug|Any CPU.ActiveCfg = Debug|Any CPU
		{334CA1D2-E60D-49F7-AAED-2AEB0293603C}.Debug|Any CPU.Build.0 = Debug|Any CPU
		{334CA1D2-E60D-49F7-AAED-2AEB0293603C}.Release|Any CPU.ActiveCfg = Release|Any CPU
		{334CA1D2-E60D-49F7-AAED-2AEB0293603C}.Release|Any CPU.Build.0 = Release|Any CPU
		{1E603BCC-AAA0-46E4-911F-FCC5F9A64827}.Debug|Any CPU.ActiveCfg = Debug|Any CPU
		{1E603BCC-AAA0-46E4-911F-FCC5F9A64827}.Debug|Any CPU.Build.0 = Debug|Any CPU
		{1E603BCC-AAA0-46E4-911F-FCC5F9A64827}.Release|Any CPU.ActiveCfg = Release|Any CPU
		{1E603BCC-AAA0-46E4-911F-FCC5F9A64827}.Release|Any CPU.Build.0 = Release|Any CPU
		{B8995B49-9763-415E-BDDE-9D23114824BE}.Debug|Any CPU.ActiveCfg = Debug|Any CPU
		{B8995B49-9763-415E-BDDE-9D23114824BE}.Debug|Any CPU.Build.0 = Debug|Any CPU
		{B8995B49-9763-415E-BDDE-9D23114824BE}.Release|Any CPU.ActiveCfg = Release|Any CPU
		{B8995B49-9763-415E-BDDE-9D23114824BE}.Release|Any CPU.Build.0 = Release|Any CPU
		{9FD9115E-79B6-443E-A1FB-B0023E7A8B70}.Debug|Any CPU.ActiveCfg = Debug|Any CPU
		{9FD9115E-79B6-443E-A1FB-B0023E7A8B70}.Debug|Any CPU.Build.0 = Debug|Any CPU
		{9FD9115E-79B6-443E-A1FB-B0023E7A8B70}.Release|Any CPU.ActiveCfg = Release|Any CPU
		{9FD9115E-79B6-443E-A1FB-B0023E7A8B70}.Release|Any CPU.Build.0 = Release|Any CPU
		{2C1767A7-8D3B-4CD1-9D18-37F8FA18E23D}.Debug|Any CPU.ActiveCfg = Debug|Any CPU
		{2C1767A7-8D3B-4CD1-9D18-37F8FA18E23D}.Debug|Any CPU.Build.0 = Debug|Any CPU
		{2C1767A7-8D3B-4CD1-9D18-37F8FA18E23D}.Release|Any CPU.ActiveCfg = Release|Any CPU
		{2C1767A7-8D3B-4CD1-9D18-37F8FA18E23D}.Release|Any CPU.Build.0 = Release|Any CPU
	EndGlobalSection
	GlobalSection(SolutionProperties) = preSolution
		HideSolutionNode = FALSE
	EndGlobalSection
	GlobalSection(NestedProjects) = preSolution
		{3D48C315-ECF6-4580-A111-DBBC9BF42D19} = {E089DF01-DB88-4AB3-91F0-5510775E339E}
		{06A63CA5-BF99-4C6F-851A-C01E0F997766} = {B1D865D6-D3DE-49C1-BCAB-B3C2E90E0BE2}
		{C82BF119-BC5D-4C60-966B-B4227E8FCA73} = {B1D865D6-D3DE-49C1-BCAB-B3C2E90E0BE2}
		{334CA1D2-E60D-49F7-AAED-2AEB0293603C} = {E089DF01-DB88-4AB3-91F0-5510775E339E}
		{1E603BCC-AAA0-46E4-911F-FCC5F9A64827} = {B1D865D6-D3DE-49C1-BCAB-B3C2E90E0BE2}
		{B8995B49-9763-415E-BDDE-9D23114824BE} = {E089DF01-DB88-4AB3-91F0-5510775E339E}
		{9FD9115E-79B6-443E-A1FB-B0023E7A8B70} = {B1D865D6-D3DE-49C1-BCAB-B3C2E90E0BE2}
		{2C1767A7-8D3B-4CD1-9D18-37F8FA18E23D} = {E089DF01-DB88-4AB3-91F0-5510775E339E}
	EndGlobalSection
EndGlobal
